// !$*UTF8*$!
{
	archiveVersion = 1;
	classes = {
	};
	objectVersion = 50;
	objects = {

/* Begin PBXBuildFile section */
		4330B0162389C3930063447D /* AppDelegate.swift in Sources */ = {isa = PBXBuildFile; fileRef = 4330B0152389C3930063447D /* AppDelegate.swift */; };
		4330B0182389C3930063447D /* ViewController.swift in Sources */ = {isa = PBXBuildFile; fileRef = 4330B0172389C3930063447D /* ViewController.swift */; };
		4330B01B2389C3930063447D /* Main.storyboard in Resources */ = {isa = PBXBuildFile; fileRef = 4330B0192389C3930063447D /* Main.storyboard */; };
		4330B01D2389C3950063447D /* Assets.xcassets in Resources */ = {isa = PBXBuildFile; fileRef = 4330B01C2389C3950063447D /* Assets.xcassets */; };
		4330B0202389C3950063447D /* LaunchScreen.storyboard in Resources */ = {isa = PBXBuildFile; fileRef = 4330B01E2389C3950063447D /* LaunchScreen.storyboard */; };
		4330B0282389E2350063447D /* FiltersCollectionHelper.swift in Sources */ = {isa = PBXBuildFile; fileRef = 4330B0272389E2350063447D /* FiltersCollectionHelper.swift */; };
		4330B02A2389E3910063447D /* FilteredImageCell.swift in Sources */ = {isa = PBXBuildFile; fileRef = 4330B0292389E3910063447D /* FilteredImageCell.swift */; };
		4330B02C2389FB980063447D /* FiltersEffects.swift in Sources */ = {isa = PBXBuildFile; fileRef = 4330B02B2389FB980063447D /* FiltersEffects.swift */; };
		43485B02238C9D2600877813 /* ImageViewMementoPattern.swift in Sources */ = {isa = PBXBuildFile; fileRef = 43485B01238C9D2600877813 /* ImageViewMementoPattern.swift */; };
		43485B04238CB5E200877813 /* FiltersEffectsProxyPattern.swift in Sources */ = {isa = PBXBuildFile; fileRef = 43485B03238CB5E200877813 /* FiltersEffectsProxyPattern.swift */; };
		43485B08238D6C2000877813 /* ButtonsStatePattern.swift in Sources */ = {isa = PBXBuildFile; fileRef = 43485B07238D6C2000877813 /* ButtonsStatePattern.swift */; };
		43485B0C238D95A300877813 /* CustomActionButton.swift in Sources */ = {isa = PBXBuildFile; fileRef = 43485B0B238D95A300877813 /* CustomActionButton.swift */; };
/* End PBXBuildFile section */

/* Begin PBXFileReference section */
		4330B0122389C3930063447D /* Filter.app */ = {isa = PBXFileReference; explicitFileType = wrapper.application; includeInIndex = 0; path = Filter.app; sourceTree = BUILT_PRODUCTS_DIR; };
		4330B0152389C3930063447D /* AppDelegate.swift */ = {isa = PBXFileReference; lastKnownFileType = sourcecode.swift; path = AppDelegate.swift; sourceTree = "<group>"; };
		4330B0172389C3930063447D /* ViewController.swift */ = {isa = PBXFileReference; lastKnownFileType = sourcecode.swift; path = ViewController.swift; sourceTree = "<group>"; };
		4330B01A2389C3930063447D /* Base */ = {isa = PBXFileReference; lastKnownFileType = file.storyboard; name = Base; path = Base.lproj/Main.storyboard; sourceTree = "<group>"; };
		4330B01C2389C3950063447D /* Assets.xcassets */ = {isa = PBXFileReference; lastKnownFileType = folder.assetcatalog; path = Assets.xcassets; sourceTree = "<group>"; };
		4330B01F2389C3950063447D /* Base */ = {isa = PBXFileReference; lastKnownFileType = file.storyboard; name = Base; path = Base.lproj/LaunchScreen.storyboard; sourceTree = "<group>"; };
		4330B0212389C3950063447D /* Info.plist */ = {isa = PBXFileReference; lastKnownFileType = text.plist.xml; path = Info.plist; sourceTree = "<group>"; };
		4330B0272389E2350063447D /* FiltersCollectionHelper.swift */ = {isa = PBXFileReference; lastKnownFileType = sourcecode.swift; path = FiltersCollectionHelper.swift; sourceTree = "<group>"; };
		4330B0292389E3910063447D /* FilteredImageCell.swift */ = {isa = PBXFileReference; lastKnownFileType = sourcecode.swift; path = FilteredImageCell.swift; sourceTree = "<group>"; };
		4330B02B2389FB980063447D /* FiltersEffects.swift */ = {isa = PBXFileReference; lastKnownFileType = sourcecode.swift; path = FiltersEffects.swift; sourceTree = "<group>"; };
		43485B01238C9D2600877813 /* ImageViewMementoPattern.swift */ = {isa = PBXFileReference; lastKnownFileType = sourcecode.swift; path = ImageViewMementoPattern.swift; sourceTree = "<group>"; };
		43485B03238CB5E200877813 /* FiltersEffectsProxyPattern.swift */ = {isa = PBXFileReference; lastKnownFileType = sourcecode.swift; path = FiltersEffectsProxyPattern.swift; sourceTree = "<group>"; };
		43485B07238D6C2000877813 /* ButtonsStatePattern.swift */ = {isa = PBXFileReference; lastKnownFileType = sourcecode.swift; path = ButtonsStatePattern.swift; sourceTree = "<group>"; };
		43485B0B238D95A300877813 /* CustomActionButton.swift */ = {isa = PBXFileReference; lastKnownFileType = sourcecode.swift; path = CustomActionButton.swift; sourceTree = "<group>"; };
/* End PBXFileReference section */

/* Begin PBXFrameworksBuildPhase section */
		4330B00F2389C3930063447D /* Frameworks */ = {
			isa = PBXFrameworksBuildPhase;
			buildActionMask = 2147483647;
			files = (
			);
			runOnlyForDeploymentPostprocessing = 0;
		};
/* End PBXFrameworksBuildPhase section */

/* Begin PBXGroup section */
		4330B0092389C3930063447D = {
			isa = PBXGroup;
			children = (
				4330B0142389C3930063447D /* Filter */,
				4330B0132389C3930063447D /* Products */,
			);
			sourceTree = "<group>";
		};
		4330B0132389C3930063447D /* Products */ = {
			isa = PBXGroup;
			children = (
				4330B0122389C3930063447D /* Filter.app */,
			);
			name = Products;
			sourceTree = "<group>";
		};
		4330B0142389C3930063447D /* Filter */ = {
			isa = PBXGroup;
			children = (
				4330B0152389C3930063447D /* AppDelegate.swift */,
				4330B0172389C3930063447D /* ViewController.swift */,
				4330B0272389E2350063447D /* FiltersCollectionHelper.swift */,
				4330B0292389E3910063447D /* FilteredImageCell.swift */,
				43485B0B238D95A300877813 /* CustomActionButton.swift */,
				4330B02B2389FB980063447D /* FiltersEffects.swift */,
				43485B01238C9D2600877813 /* ImageViewMementoPattern.swift */,
				43485B03238CB5E200877813 /* FiltersEffectsProxyPattern.swift */,
				43485B07238D6C2000877813 /* ButtonsStatePattern.swift */,
				4330B0192389C3930063447D /* Main.storyboard */,
				4330B01C2389C3950063447D /* Assets.xcassets */,
				4330B01E2389C3950063447D /* LaunchScreen.storyboard */,
				4330B0212389C3950063447D /* Info.plist */,
			);
			path = Filter;
			sourceTree = "<group>";
		};
/* End PBXGroup section */

/* Begin PBXNativeTarget section */
		4330B0112389C3930063447D /* Filter */ = {
			isa = PBXNativeTarget;
			buildConfigurationList = 4330B0242389C3950063447D /* Build configuration list for PBXNativeTarget "Filter" */;
			buildPhases = (
				4330B00E2389C3930063447D /* Sources */,
				4330B00F2389C3930063447D /* Frameworks */,
				4330B0102389C3930063447D /* Resources */,
			);
			buildRules = (
			);
			dependencies = (
			);
			name = Filter;
			productName = Filter;
			productReference = 4330B0122389C3930063447D /* Filter.app */;
			productType = "com.apple.product-type.application";
		};
/* End PBXNativeTarget section */

/* Begin PBXProject section */
		4330B00A2389C3930063447D /* Project object */ = {
			isa = PBXProject;
			attributes = {
				LastSwiftUpdateCheck = 1030;
				LastUpgradeCheck = 1030;
				ORGANIZATIONNAME = natetaylor;
				TargetAttributes = {
					4330B0112389C3930063447D = {
						CreatedOnToolsVersion = 10.3;
					};
				};
			};
			buildConfigurationList = 4330B00D2389C3930063447D /* Build configuration list for PBXProject "Filter" */;
			compatibilityVersion = "Xcode 9.3";
			developmentRegion = en;
			hasScannedForEncodings = 0;
			knownRegions = (
				en,
				Base,
			);
			mainGroup = 4330B0092389C3930063447D;
			productRefGroup = 4330B0132389C3930063447D /* Products */;
			projectDirPath = "";
			projectRoot = "";
			targets = (
				4330B0112389C3930063447D /* Filter */,
			);
		};
/* End PBXProject section */

/* Begin PBXResourcesBuildPhase section */
		4330B0102389C3930063447D /* Resources */ = {
			isa = PBXResourcesBuildPhase;
			buildActionMask = 2147483647;
			files = (
				4330B0202389C3950063447D /* LaunchScreen.storyboard in Resources */,
				4330B01D2389C3950063447D /* Assets.xcassets in Resources */,
				4330B01B2389C3930063447D /* Main.storyboard in Resources */,
			);
			runOnlyForDeploymentPostprocessing = 0;
		};
/* End PBXResourcesBuildPhase section */

/* Begin PBXSourcesBuildPhase section */
		4330B00E2389C3930063447D /* Sources */ = {
			isa = PBXSourcesBuildPhase;
			buildActionMask = 2147483647;
			files = (
				4330B02C2389FB980063447D /* FiltersEffects.swift in Sources */,
				43485B08238D6C2000877813 /* ButtonsStatePattern.swift in Sources */,
				43485B04238CB5E200877813 /* FiltersEffectsProxyPattern.swift in Sources */,
				4330B02A2389E3910063447D /* FilteredImageCell.swift in Sources */,
				4330B0282389E2350063447D /* FiltersCollectionHelper.swift in Sources */,
				4330B0182389C3930063447D /* ViewController.swift in Sources */,
				43485B0C238D95A300877813 /* CustomActionButton.swift in Sources */,
				4330B0162389C3930063447D /* AppDelegate.swift in Sources */,
				43485B02238C9D2600877813 /* ImageViewMementoPattern.swift in Sources */,
			);
			runOnlyForDeploymentPostprocessing = 0;
		};
/* End PBXSourcesBuildPhase section */

/* Begin PBXVariantGroup section */
		4330B0192389C3930063447D /* Main.storyboard */ = {
			isa = PBXVariantGroup;
			children = (
				4330B01A2389C3930063447D /* Base */,
			);
			name = Main.storyboard;
			sourceTree = "<group>";
		};
		4330B01E2389C3950063447D /* LaunchScreen.storyboard */ = {
			isa = PBXVariantGroup;
			children = (
				4330B01F2389C3950063447D /* Base */,
			);
			name = LaunchScreen.storyboard;
			sourceTree = "<group>";
		};
/* End PBXVariantGroup section */

/* Begin XCBuildConfiguration section */
		4330B0222389C3950063447D /* Debug */ = {
			isa = XCBuildConfiguration;
			buildSettings = {
				ALWAYS_SEARCH_USER_PATHS = NO;
				CLANG_ANALYZER_NONNULL = YES;
				CLANG_ANALYZER_NUMBER_OBJECT_CONVERSION = YES_AGGRESSIVE;
				CLANG_CXX_LANGUAGE_STANDARD = "gnu++14";
				CLANG_CXX_LIBRARY = "libc++";
				CLANG_ENABLE_MODULES = YES;
				CLANG_ENABLE_OBJC_ARC = YES;
				CLANG_ENABLE_OBJC_WEAK = YES;
				CLANG_WARN_BLOCK_CAPTURE_AUTORELEASING = YES;
				CLANG_WARN_BOOL_CONVERSION = YES;
				CLANG_WARN_COMMA = YES;
				CLANG_WARN_CONSTANT_CONVERSION = YES;
				CLANG_WARN_DEPRECATED_OBJC_IMPLEMENTATIONS = YES;
				CLANG_WARN_DIRECT_OBJC_ISA_USAGE = YES_ERROR;
				CLANG_WARN_DOCUMENTATION_COMMENTS = YES;
				CLANG_WARN_EMPTY_BODY = YES;
				CLANG_WARN_ENUM_CONVERSION = YES;
				CLANG_WARN_INFINITE_RECURSION = YES;
				CLANG_WARN_INT_CONVERSION = YES;
				CLANG_WARN_NON_LITERAL_NULL_CONVERSION = YES;
				CLANG_WARN_OBJC_IMPLICIT_RETAIN_SELF = YES;
				CLANG_WARN_OBJC_LITERAL_CONVERSION = YES;
				CLANG_WARN_OBJC_ROOT_CLASS = YES_ERROR;
				CLANG_WARN_RANGE_LOOP_ANALYSIS = YES;
				CLANG_WARN_STRICT_PROTOTYPES = YES;
				CLANG_WARN_SUSPICIOUS_MOVE = YES;
				CLANG_WARN_UNGUARDED_AVAILABILITY = YES_AGGRESSIVE;
				CLANG_WARN_UNREACHABLE_CODE = YES;
				CLANG_WARN__DUPLICATE_METHOD_MATCH = YES;
				CODE_SIGN_IDENTITY = "iPhone Developer";
				COPY_PHASE_STRIP = NO;
				DEBUG_INFORMATION_FORMAT = dwarf;
				ENABLE_STRICT_OBJC_MSGSEND = YES;
				ENABLE_TESTABILITY = YES;
				GCC_C_LANGUAGE_STANDARD = gnu11;
				GCC_DYNAMIC_NO_PIC = NO;
				GCC_NO_COMMON_BLOCKS = YES;
				GCC_OPTIMIZATION_LEVEL = 0;
				GCC_PREPROCESSOR_DEFINITIONS = (
					"DEBUG=1",
					"$(inherited)",
				);
				GCC_WARN_64_TO_32_BIT_CONVERSION = YES;
				GCC_WARN_ABOUT_RETURN_TYPE = YES_ERROR;
				GCC_WARN_UNDECLARED_SELECTOR = YES;
				GCC_WARN_UNINITIALIZED_AUTOS = YES_AGGRESSIVE;
				GCC_WARN_UNUSED_FUNCTION = YES;
				GCC_WARN_UNUSED_VARIABLE = YES;
				IPHONEOS_DEPLOYMENT_TARGET = 12.4;
				MTL_ENABLE_DEBUG_INFO = INCLUDE_SOURCE;
				MTL_FAST_MATH = YES;
				ONLY_ACTIVE_ARCH = YES;
				SDKROOT = iphoneos;
				SWIFT_ACTIVE_COMPILATION_CONDITIONS = DEBUG;
				SWIFT_OPTIMIZATION_LEVEL = "-Onone";
			};
			name = Debug;
		};
		4330B0232389C3950063447D /* Release */ = {
			isa = XCBuildConfiguration;
			buildSettings = {
				ALWAYS_SEARCH_USER_PATHS = NO;
				CLANG_ANALYZER_NONNULL = YES;
				CLANG_ANALYZER_NUMBER_OBJECT_CONVERSION = YES_AGGRESSIVE;
				CLANG_CXX_LANGUAGE_STANDARD = "gnu++14";
				CLANG_CXX_LIBRARY = "libc++";
				CLANG_ENABLE_MODULES = YES;
				CLANG_ENABLE_OBJC_ARC = YES;
				CLANG_ENABLE_OBJC_WEAK = YES;
				CLANG_WARN_BLOCK_CAPTURE_AUTORELEASING = YES;
				CLANG_WARN_BOOL_CONVERSION = YES;
				CLANG_WARN_COMMA = YES;
				CLANG_WARN_CONSTANT_CONVERSION = YES;
				CLANG_WARN_DEPRECATED_OBJC_IMPLEMENTATIONS = YES;
				CLANG_WARN_DIRECT_OBJC_ISA_USAGE = YES_ERROR;
				CLANG_WARN_DOCUMENTATION_COMMENTS = YES;
				CLANG_WARN_EMPTY_BODY = YES;
				CLANG_WARN_ENUM_CONVERSION = YES;
				CLANG_WARN_INFINITE_RECURSION = YES;
				CLANG_WARN_INT_CONVERSION = YES;
				CLANG_WARN_NON_LITERAL_NULL_CONVERSION = YES;
				CLANG_WARN_OBJC_IMPLICIT_RETAIN_SELF = YES;
				CLANG_WARN_OBJC_LITERAL_CONVERSION = YES;
				CLANG_WARN_OBJC_ROOT_CLASS = YES_ERROR;
				CLANG_WARN_RANGE_LOOP_ANALYSIS = YES;
				CLANG_WARN_STRICT_PROTOTYPES = YES;
				CLANG_WARN_SUSPICIOUS_MOVE = YES;
				CLANG_WARN_UNGUARDED_AVAILABILITY = YES_AGGRESSIVE;
				CLANG_WARN_UNREACHABLE_CODE = YES;
				CLANG_WARN__DUPLICATE_METHOD_MATCH = YES;
				CODE_SIGN_IDENTITY = "iPhone Developer";
				COPY_PHASE_STRIP = NO;
				DEBUG_INFORMATION_FORMAT = "dwarf-with-dsym";
				ENABLE_NS_ASSERTIONS = NO;
				ENABLE_STRICT_OBJC_MSGSEND = YES;
				GCC_C_LANGUAGE_STANDARD = gnu11;
				GCC_NO_COMMON_BLOCKS = YES;
				GCC_WARN_64_TO_32_BIT_CONVERSION = YES;
				GCC_WARN_ABOUT_RETURN_TYPE = YES_ERROR;
				GCC_WARN_UNDECLARED_SELECTOR = YES;
				GCC_WARN_UNINITIALIZED_AUTOS = YES_AGGRESSIVE;
				GCC_WARN_UNUSED_FUNCTION = YES;
				GCC_WARN_UNUSED_VARIABLE = YES;
				IPHONEOS_DEPLOYMENT_TARGET = 12.4;
				MTL_ENABLE_DEBUG_INFO = NO;
				MTL_FAST_MATH = YES;
				SDKROOT = iphoneos;
				SWIFT_COMPILATION_MODE = wholemodule;
				SWIFT_OPTIMIZATION_LEVEL = "-O";
				VALIDATE_PRODUCT = YES;
			};
			name = Release;
		};
		4330B0252389C3950063447D /* Debug */ = {
			isa = XCBuildConfiguration;
			buildSettings = {
				ASSETCATALOG_COMPILER_APPICON_NAME = AppIcon;
				CODE_SIGN_STYLE = Automatic;
				DEVELOPMENT_TEAM = 52L9N8HD54;
				INFOPLIST_FILE = Filter/Info.plist;
				LD_RUNPATH_SEARCH_PATHS = (
					"$(inherited)",
					"@executable_path/Frameworks",
				);
				PRODUCT_BUNDLE_IDENTIFIER = natetaylor.Filter;
				PRODUCT_NAME = "$(TARGET_NAME)";
				SWIFT_VERSION = 5.0;
				TARGETED_DEVICE_FAMILY = "1,2";
			};
			name = Debug;
		};
		4330B0262389C3950063447D /* Release */ = {
			isa = XCBuildConfiguration;
			buildSettings = {
				ASSETCATALOG_COMPILER_APPICON_NAME = AppIcon;
				CODE_SIGN_STYLE = Automatic;
				DEVELOPMENT_TEAM = 52L9N8HD54;
				INFOPLIST_FILE = Filter/Info.plist;
				LD_RUNPATH_SEARCH_PATHS = (
					"$(inherited)",
					"@executable_path/Frameworks",
				);
				PRODUCT_BUNDLE_IDENTIFIER = natetaylor.Filter;
				PRODUCT_NAME = "$(TARGET_NAME)";
				SWIFT_VERSION = 5.0;
				TARGETED_DEVICE_FAMILY = "1,2";
			};
			name = Release;
		};
/* End XCBuildConfiguration section */

/* Begin XCConfigurationList section */
		4330B00D2389C3930063447D /* Build configuration list for PBXProject "Filter" */ = {
			isa = XCConfigurationList;
			buildConfigurations = (
				4330B0222389C3950063447D /* Debug */,
				4330B0232389C3950063447D /* Release */,
			);
			defaultConfigurationIsVisible = 0;
			defaultConfigurationName = Release;
		};
		4330B0242389C3950063447D /* Build configuration list for PBXNativeTarget "Filter" */ = {
			isa = XCConfigurationList;
			buildConfigurations = (
				4330B0252389C3950063447D /* Debug */,
				4330B0262389C3950063447D /* Release */,
			);
			defaultConfigurationIsVisible = 0;
			defaultConfigurationName = Release;
		};
/* End XCConfigurationList section */
	};
	rootObject = 4330B00A2389C3930063447D /* Project object */;
}
